
Microsoft Visual Studio Solution File, Format Version 12.00
# Visual Studio Version 16
VisualStudioVersion = 16.0.31515.178
MinimumVisualStudioVersion = 10.0.40219.1
Project("{FAE04EC0-301F-11D3-BF4B-00C04F79EFBC}") = "ConsoleApp1", "ConsoleApp1.csproj", "{EC704764-553A-4F52-9145-3660DAAB480F}"
EndProject
Global
	GlobalSection(SolutionConfigurationPlatforms) = preSolution
		Debug|Any CPU = Debug|Any CPU
		Release|Any CPU = Release|Any CPU
	EndGlobalSection
	GlobalSection(ProjectConfigurationPlatforms) = postSolution
		{EC704764-553A-4F52-9145-3660DAAB480F}.Debug|Any CPU.ActiveCfg = Debug|Any CPU
		{EC704764-553A-4F52-9145-3660DAAB480F}.Debug|Any CPU.Build.0 = Debug|Any CPU
		{EC704764-553A-4F52-9145-3660DAAB480F}.Release|Any CPU.ActiveCfg = Release|Any CPU
		{EC704764-553A-4F52-9145-3660DAAB480F}.Release|Any CPU.Build.0 = Release|Any CPU
	EndGlobalSection
	GlobalSection(SolutionProperties) = preSolution
		HideSolutionNode = FALSE
	EndGlobalSection
	GlobalSection(ExtensibilityGlobals) = postSolution
		SolutionGuid = {DB10A67A-F37D-453E-9F05-2BE5291E2626}
	EndGlobalSection
EndGlobal
