
Microsoft Visual Studio Solution File, Format Version 12.00
# Visual Studio Version 16
VisualStudioVersion = 16.0.31624.102
MinimumVisualStudioVersion = 10.0.40219.1
Project("{FAE04EC0-301F-11D3-BF4B-00C04F79EFBC}") = "WindowsFormsApp1", "WindowsFormsApp1.csproj", "{43382FE3-E49E-4C32-9CF9-E5E683D8EEFE}"
EndProject
Global
	GlobalSection(SolutionConfigurationPlatforms) = preSolution
		Debug|Any CPU = Debug|Any CPU
		Release|Any CPU = Release|Any CPU
	EndGlobalSection
	GlobalSection(ProjectConfigurationPlatforms) = postSolution
		{43382FE3-E49E-4C32-9CF9-E5E683D8EEFE}.Debug|Any CPU.ActiveCfg = Debug|Any CPU
		{43382FE3-E49E-4C32-9CF9-E5E683D8EEFE}.Debug|Any CPU.Build.0 = Debug|Any CPU
		{43382FE3-E49E-4C32-9CF9-E5E683D8EEFE}.Release|Any CPU.ActiveCfg = Release|Any CPU
		{43382FE3-E49E-4C32-9CF9-E5E683D8EEFE}.Release|Any CPU.Build.0 = Release|Any CPU
	EndGlobalSection
	GlobalSection(SolutionProperties) = preSolution
		HideSolutionNode = FALSE
	EndGlobalSection
	GlobalSection(ExtensibilityGlobals) = postSolution
		SolutionGuid = {AA15BF2D-52A6-4A4F-A1C4-0886BE6C1292}
	EndGlobalSection
EndGlobal
