
Microsoft Visual Studio Solution File, Format Version 12.00
# Visual Studio Version 16
VisualStudioVersion = 16.0.31624.102
MinimumVisualStudioVersion = 10.0.40219.1
Project("{FAE04EC0-301F-11D3-BF4B-00C04F79EFBC}") = "WindowsFormsApp1", "WindowsFormsApp1.csproj", "{DCA85A08-5E90-4508-9BFC-88081DA13D7F}"
EndProject
Global
	GlobalSection(SolutionConfigurationPlatforms) = preSolution
		Debug|Any CPU = Debug|Any CPU
		Release|Any CPU = Release|Any CPU
	EndGlobalSection
	GlobalSection(ProjectConfigurationPlatforms) = postSolution
		{DCA85A08-5E90-4508-9BFC-88081DA13D7F}.Debug|Any CPU.ActiveCfg = Debug|Any CPU
		{DCA85A08-5E90-4508-9BFC-88081DA13D7F}.Debug|Any CPU.Build.0 = Debug|Any CPU
		{DCA85A08-5E90-4508-9BFC-88081DA13D7F}.Release|Any CPU.ActiveCfg = Release|Any CPU
		{DCA85A08-5E90-4508-9BFC-88081DA13D7F}.Release|Any CPU.Build.0 = Release|Any CPU
	EndGlobalSection
	GlobalSection(SolutionProperties) = preSolution
		HideSolutionNode = FALSE
	EndGlobalSection
	GlobalSection(ExtensibilityGlobals) = postSolution
		SolutionGuid = {8DDD85D9-CF0B-4709-A213-FCD7FD7CE977}
	EndGlobalSection
EndGlobal
